
Microsoft Visual Studio Solution File, Format Version 12.00
# Visual Studio Version 16
VisualStudioVersion = 16.0.31702.278
MinimumVisualStudioVersion = 10.0.40219.1
Project("{FAE04EC0-301F-11D3-BF4B-00C04F79EFBC}") = "DAW.Web", "DAW.Web\DAW.Web.csproj", "{B19D4612-588C-4880-80BE-168F8F2AA6B1}"
EndProject
Global
	GlobalSection(SolutionConfigurationPlatforms) = preSolution
		Debug|Any CPU = Debug|Any CPU
		Release|Any CPU = Release|Any CPU
	EndGlobalSection
	GlobalSection(ProjectConfigurationPlatforms) = postSolution
		{B19D4612-588C-4880-80BE-168F8F2AA6B1}.Debug|Any CPU.ActiveCfg = Debug|Any CPU
		{B19D4612-588C-4880-80BE-168F8F2AA6B1}.Debug|Any CPU.Build.0 = Debug|Any CPU
		{B19D4612-588C-4880-80BE-168F8F2AA6B1}.Release|Any CPU.ActiveCfg = Release|Any CPU
		{B19D4612-588C-4880-80BE-168F8F2AA6B1}.Release|Any CPU.Build.0 = Release|Any CPU
	EndGlobalSection
	GlobalSection(SolutionProperties) = preSolution
		HideSolutionNode = FALSE
	EndGlobalSection
	GlobalSection(ExtensibilityGlobals) = postSolution
		SolutionGuid = {96187AEE-F6F5-4F20-A595-1722E9DF06C8}
	EndGlobalSection
EndGlobal
